
Microsoft Visual Studio Solution File, Format Version 12.00
# Visual Studio Version 17
VisualStudioVersion = 17.5.002.0
MinimumVisualStudioVersion = 10.0.40219.1
Project("{9A19103F-16F7-4668-BE54-9A1E7A4F7556}") = "wyklad_2", "wyklad_2\wyklad_2.csproj", "{9BDA4482-D6A5-4BB9-A45B-EBC70462BBD1}"
EndProject
Global
	GlobalSection(SolutionConfigurationPlatforms) = preSolution
		Debug|Any CPU = Debug|Any CPU
		Release|Any CPU = Release|Any CPU
	EndGlobalSection
	GlobalSection(ProjectConfigurationPlatforms) = postSolution
		{9BDA4482-D6A5-4BB9-A45B-EBC70462BBD1}.Debug|Any CPU.ActiveCfg = Debug|Any CPU
		{9BDA4482-D6A5-4BB9-A45B-EBC70462BBD1}.Debug|Any CPU.Build.0 = Debug|Any CPU
		{9BDA4482-D6A5-4BB9-A45B-EBC70462BBD1}.Release|Any CPU.ActiveCfg = Release|Any CPU
		{9BDA4482-D6A5-4BB9-A45B-EBC70462BBD1}.Release|Any CPU.Build.0 = Release|Any CPU
	EndGlobalSection
	GlobalSection(SolutionProperties) = preSolution
		HideSolutionNode = FALSE
	EndGlobalSection
	GlobalSection(ExtensibilityGlobals) = postSolution
		SolutionGuid = {410E6A41-194C-488D-94AF-7CBAB7327C15}
	EndGlobalSection
EndGlobal
