
Microsoft Visual Studio Solution File, Format Version 12.00
# Visual Studio Version 17
VisualStudioVersion = 17.13.35825.156 d17.13
MinimumVisualStudioVersion = 10.0.40219.1
Project("{FAE04EC0-301F-11D3-BF4B-00C04F79EFBC}") = "WatkiLaby", "WatkiLaby\WatkiLaby.csproj", "{3830C768-233C-4FFE-8852-51E37936289A}"
EndProject
Global
	GlobalSection(SolutionConfigurationPlatforms) = preSolution
		Debug|Any CPU = Debug|Any CPU
		Release|Any CPU = Release|Any CPU
	EndGlobalSection
	GlobalSection(ProjectConfigurationPlatforms) = postSolution
		{3830C768-233C-4FFE-8852-51E37936289A}.Debug|Any CPU.ActiveCfg = Debug|Any CPU
		{3830C768-233C-4FFE-8852-51E37936289A}.Debug|Any CPU.Build.0 = Debug|Any CPU
		{3830C768-233C-4FFE-8852-51E37936289A}.Release|Any CPU.ActiveCfg = Release|Any CPU
		{3830C768-233C-4FFE-8852-51E37936289A}.Release|Any CPU.Build.0 = Release|Any CPU
	EndGlobalSection
	GlobalSection(SolutionProperties) = preSolution
		HideSolutionNode = FALSE
	EndGlobalSection
	GlobalSection(ExtensibilityGlobals) = postSolution
		SolutionGuid = {5BC2F49F-69FF-43F7-A53B-6B9B5D6286BE}
	EndGlobalSection
EndGlobal
