
Microsoft Visual Studio Solution File, Format Version 12.00
# Visual Studio 14
VisualStudioVersion = 14.0.25420.1
MinimumVisualStudioVersion = 10.0.40219.1
Project("{FAE04EC0-301F-11D3-BF4B-00C04F79EFBC}") = "Restauracja", "Restauracja\Restauracja.csproj", "{9FB8DEB8-3ED1-49AE-92C6-3AA6CE6FD8D9}"
EndProject
Project("{FAE04EC0-301F-11D3-BF4B-00C04F79EFBC}") = "Kuchnia", "Kuchnia\Kuchnia.csproj", "{5DADC203-038A-4EA1-AE4C-07E71778FBC6}"
EndProject
Global
	GlobalSection(SolutionConfigurationPlatforms) = preSolution
		Debug|Any CPU = Debug|Any CPU
		Release|Any CPU = Release|Any CPU
	EndGlobalSection
	GlobalSection(ProjectConfigurationPlatforms) = postSolution
		{9FB8DEB8-3ED1-49AE-92C6-3AA6CE6FD8D9}.Debug|Any CPU.ActiveCfg = Debug|Any CPU
		{9FB8DEB8-3ED1-49AE-92C6-3AA6CE6FD8D9}.Debug|Any CPU.Build.0 = Debug|Any CPU
		{9FB8DEB8-3ED1-49AE-92C6-3AA6CE6FD8D9}.Release|Any CPU.ActiveCfg = Release|Any CPU
		{9FB8DEB8-3ED1-49AE-92C6-3AA6CE6FD8D9}.Release|Any CPU.Build.0 = Release|Any CPU
		{5DADC203-038A-4EA1-AE4C-07E71778FBC6}.Debug|Any CPU.ActiveCfg = Debug|Any CPU
		{5DADC203-038A-4EA1-AE4C-07E71778FBC6}.Debug|Any CPU.Build.0 = Debug|Any CPU
		{5DADC203-038A-4EA1-AE4C-07E71778FBC6}.Release|Any CPU.ActiveCfg = Release|Any CPU
		{5DADC203-038A-4EA1-AE4C-07E71778FBC6}.Release|Any CPU.Build.0 = Release|Any CPU
	EndGlobalSection
	GlobalSection(SolutionProperties) = preSolution
		HideSolutionNode = FALSE
	EndGlobalSection
EndGlobal
