
Microsoft Visual Studio Solution File, Format Version 12.00
# Visual Studio Version 17
VisualStudioVersion = 17.13.35825.156 d17.13
MinimumVisualStudioVersion = 10.0.40219.1
Project("{FAE04EC0-301F-11D3-BF4B-00C04F79EFBC}") = "WinForms_Lab1", "WinForms_Lab1\WinForms_Lab1.csproj", "{A5982932-D59F-4AC4-99C1-628BB2F1D285}"
EndProject
Global
	GlobalSection(SolutionConfigurationPlatforms) = preSolution
		Debug|Any CPU = Debug|Any CPU
		Release|Any CPU = Release|Any CPU
	EndGlobalSection
	GlobalSection(ProjectConfigurationPlatforms) = postSolution
		{A5982932-D59F-4AC4-99C1-628BB2F1D285}.Debug|Any CPU.ActiveCfg = Debug|Any CPU
		{A5982932-D59F-4AC4-99C1-628BB2F1D285}.Debug|Any CPU.Build.0 = Debug|Any CPU
		{A5982932-D59F-4AC4-99C1-628BB2F1D285}.Release|Any CPU.ActiveCfg = Release|Any CPU
		{A5982932-D59F-4AC4-99C1-628BB2F1D285}.Release|Any CPU.Build.0 = Release|Any CPU
	EndGlobalSection
	GlobalSection(SolutionProperties) = preSolution
		HideSolutionNode = FALSE
	EndGlobalSection
	GlobalSection(ExtensibilityGlobals) = postSolution
		SolutionGuid = {009932CE-ACF8-4777-80ED-4D773DE7AC77}
	EndGlobalSection
EndGlobal
