
Microsoft Visual Studio Solution File, Format Version 12.00
# Visual Studio Version 17
VisualStudioVersion = 17.12.35527.113 d17.12
MinimumVisualStudioVersion = 10.0.40219.1
Project("{FAE04EC0-301F-11D3-BF4B-00C04F79EFBC}") = "KontoWBanku", "KontoWBanku\KontoWBanku.csproj", "{DF1045B1-E3B1-4BE2-9095-08E15DA1C7F1}"
EndProject
Project("{FAE04EC0-301F-11D3-BF4B-00C04F79EFBC}") = "BankLibrary", "BankLibrary\BankLibrary.csproj", "{F2DF87B3-72C1-4636-BBC5-A3631F7F21D9}"
EndProject
Project("{FAE04EC0-301F-11D3-BF4B-00C04F79EFBC}") = "TestBankLibrary", "TestBankLibrary\TestBankLibrary.csproj", "{0CA9752D-A2EE-4340-9658-0051B5F15AAD}"
EndProject
Global
	GlobalSection(SolutionConfigurationPlatforms) = preSolution
		Debug|Any CPU = Debug|Any CPU
		Release|Any CPU = Release|Any CPU
	EndGlobalSection
	GlobalSection(ProjectConfigurationPlatforms) = postSolution
		{DF1045B1-E3B1-4BE2-9095-08E15DA1C7F1}.Debug|Any CPU.ActiveCfg = Debug|Any CPU
		{DF1045B1-E3B1-4BE2-9095-08E15DA1C7F1}.Debug|Any CPU.Build.0 = Debug|Any CPU
		{DF1045B1-E3B1-4BE2-9095-08E15DA1C7F1}.Release|Any CPU.ActiveCfg = Release|Any CPU
		{DF1045B1-E3B1-4BE2-9095-08E15DA1C7F1}.Release|Any CPU.Build.0 = Release|Any CPU
		{F2DF87B3-72C1-4636-BBC5-A3631F7F21D9}.Debug|Any CPU.ActiveCfg = Debug|Any CPU
		{F2DF87B3-72C1-4636-BBC5-A3631F7F21D9}.Debug|Any CPU.Build.0 = Debug|Any CPU
		{F2DF87B3-72C1-4636-BBC5-A3631F7F21D9}.Release|Any CPU.ActiveCfg = Release|Any CPU
		{F2DF87B3-72C1-4636-BBC5-A3631F7F21D9}.Release|Any CPU.Build.0 = Release|Any CPU
		{0CA9752D-A2EE-4340-9658-0051B5F15AAD}.Debug|Any CPU.ActiveCfg = Debug|Any CPU
		{0CA9752D-A2EE-4340-9658-0051B5F15AAD}.Debug|Any CPU.Build.0 = Debug|Any CPU
		{0CA9752D-A2EE-4340-9658-0051B5F15AAD}.Release|Any CPU.ActiveCfg = Release|Any CPU
		{0CA9752D-A2EE-4340-9658-0051B5F15AAD}.Release|Any CPU.Build.0 = Release|Any CPU
	EndGlobalSection
	GlobalSection(SolutionProperties) = preSolution
		HideSolutionNode = FALSE
	EndGlobalSection
EndGlobal
